
Microsoft Visual Studio Solution File, Format Version 12.00
# Visual Studio Version 17
VisualStudioVersion = 17.11.35208.52
MinimumVisualStudioVersion = 10.0.40219.1
Project("{FAE04EC0-301F-11D3-BF4B-00C04F79EFBC}") = "Multiplicacion por el usuario", "Multiplicacion por el usuario\Multiplicacion por el usuario.csproj", "{741B77AA-0A6C-4A27-A2C2-1B48FEEF498D}"
EndProject
Global
	GlobalSection(SolutionConfigurationPlatforms) = preSolution
		Debug|Any CPU = Debug|Any CPU
		Release|Any CPU = Release|Any CPU
	EndGlobalSection
	GlobalSection(ProjectConfigurationPlatforms) = postSolution
		{741B77AA-0A6C-4A27-A2C2-1B48FEEF498D}.Debug|Any CPU.ActiveCfg = Debug|Any CPU
		{741B77AA-0A6C-4A27-A2C2-1B48FEEF498D}.Debug|Any CPU.Build.0 = Debug|Any CPU
		{741B77AA-0A6C-4A27-A2C2-1B48FEEF498D}.Release|Any CPU.ActiveCfg = Release|Any CPU
		{741B77AA-0A6C-4A27-A2C2-1B48FEEF498D}.Release|Any CPU.Build.0 = Release|Any CPU
	EndGlobalSection
	GlobalSection(SolutionProperties) = preSolution
		HideSolutionNode = FALSE
	EndGlobalSection
	GlobalSection(ExtensibilityGlobals) = postSolution
		SolutionGuid = {B0116A8B-6A0B-4875-877B-CEC09A02BE1E}
	EndGlobalSection
EndGlobal
